
Microsoft Visual Studio Solution File, Format Version 12.00
# Visual Studio Version 17
VisualStudioVersion = 17.0.31903.59
MinimumVisualStudioVersion = 10.0.40219.1
Project("{2150E333-8FDC-42A3-9474-1A3956D46DE8}") = "tests", "tests", "{0AB3BF05-4346-4AA6-1389-037BE0695223}"
EndProject
Project("{FAE04EC0-301F-11D3-BF4B-00C04F79EFBC}") = "Restaurents.API.Tests", "tests\Restaurents.API.Tests\Restaurents.API.Tests.csproj", "{8B0C614D-3852-496D-A860-BAE94E3F3E56}"
EndProject
Project("{FAE04EC0-301F-11D3-BF4B-00C04F79EFBC}") = "Restaurents.Application.Tests", "tests\Restaurents.Application.Tests\Restaurents.Application.Tests.csproj", "{A9D4E2C7-FE95-41B4-BC45-7C026093F5BB}"
EndProject
Project("{FAE04EC0-301F-11D3-BF4B-00C04F79EFBC}") = "Restaurents.Domain.Tests", "tests\Restaurents.Domain.Tests\Restaurents.Domain.Tests.csproj", "{C4F05192-1262-4919-AFAF-0DB466FE23FC}"
EndProject
Project("{2150E333-8FDC-42A3-9474-1A3956D46DE8}") = "code", "code", "{B7DA9EBC-D244-4680-89FC-594A3AA38CBC}"
EndProject
Project("{FAE04EC0-301F-11D3-BF4B-00C04F79EFBC}") = "Restaurents.Domain", "code\Restaurents.Domain\Restaurents.Domain.csproj", "{BD36417E-043E-434A-9993-B98318AB5C29}"
EndProject
Project("{FAE04EC0-301F-11D3-BF4B-00C04F79EFBC}") = "Restaurents.Infrastructure", "code\Restaurents.Infrastructure\Restaurents.Infrastructure.csproj", "{362009B3-E751-4E49-ABB1-82A95E0F9552}"
EndProject
Project("{FAE04EC0-301F-11D3-BF4B-00C04F79EFBC}") = "Restaurents.Application", "code\Restaurents.Application\Restaurents.Application.csproj", "{85D46AD4-863A-4277-BE6D-763AC5CD5C1C}"
EndProject
Project("{FAE04EC0-301F-11D3-BF4B-00C04F79EFBC}") = "Restaurents.API", "code\API\Restaurents.API.csproj", "{1ABBD39C-67C0-45B4-8FEC-5212F922BD56}"
EndProject
Global
	GlobalSection(SolutionConfigurationPlatforms) = preSolution
		Debug|Any CPU = Debug|Any CPU
		Release|Any CPU = Release|Any CPU
	EndGlobalSection
	GlobalSection(ProjectConfigurationPlatforms) = postSolution
		{8B0C614D-3852-496D-A860-BAE94E3F3E56}.Debug|Any CPU.ActiveCfg = Debug|Any CPU
		{8B0C614D-3852-496D-A860-BAE94E3F3E56}.Debug|Any CPU.Build.0 = Debug|Any CPU
		{8B0C614D-3852-496D-A860-BAE94E3F3E56}.Release|Any CPU.ActiveCfg = Release|Any CPU
		{8B0C614D-3852-496D-A860-BAE94E3F3E56}.Release|Any CPU.Build.0 = Release|Any CPU
		{A9D4E2C7-FE95-41B4-BC45-7C026093F5BB}.Debug|Any CPU.ActiveCfg = Debug|Any CPU
		{A9D4E2C7-FE95-41B4-BC45-7C026093F5BB}.Debug|Any CPU.Build.0 = Debug|Any CPU
		{A9D4E2C7-FE95-41B4-BC45-7C026093F5BB}.Release|Any CPU.ActiveCfg = Release|Any CPU
		{A9D4E2C7-FE95-41B4-BC45-7C026093F5BB}.Release|Any CPU.Build.0 = Release|Any CPU
		{C4F05192-1262-4919-AFAF-0DB466FE23FC}.Debug|Any CPU.ActiveCfg = Debug|Any CPU
		{C4F05192-1262-4919-AFAF-0DB466FE23FC}.Debug|Any CPU.Build.0 = Debug|Any CPU
		{C4F05192-1262-4919-AFAF-0DB466FE23FC}.Release|Any CPU.ActiveCfg = Release|Any CPU
		{C4F05192-1262-4919-AFAF-0DB466FE23FC}.Release|Any CPU.Build.0 = Release|Any CPU
		{BD36417E-043E-434A-9993-B98318AB5C29}.Debug|Any CPU.ActiveCfg = Debug|Any CPU
		{BD36417E-043E-434A-9993-B98318AB5C29}.Debug|Any CPU.Build.0 = Debug|Any CPU
		{BD36417E-043E-434A-9993-B98318AB5C29}.Release|Any CPU.ActiveCfg = Release|Any CPU
		{BD36417E-043E-434A-9993-B98318AB5C29}.Release|Any CPU.Build.0 = Release|Any CPU
		{362009B3-E751-4E49-ABB1-82A95E0F9552}.Debug|Any CPU.ActiveCfg = Debug|Any CPU
		{362009B3-E751-4E49-ABB1-82A95E0F9552}.Debug|Any CPU.Build.0 = Debug|Any CPU
		{362009B3-E751-4E49-ABB1-82A95E0F9552}.Release|Any CPU.ActiveCfg = Release|Any CPU
		{362009B3-E751-4E49-ABB1-82A95E0F9552}.Release|Any CPU.Build.0 = Release|Any CPU
		{85D46AD4-863A-4277-BE6D-763AC5CD5C1C}.Debug|Any CPU.ActiveCfg = Debug|Any CPU
		{85D46AD4-863A-4277-BE6D-763AC5CD5C1C}.Debug|Any CPU.Build.0 = Debug|Any CPU
		{85D46AD4-863A-4277-BE6D-763AC5CD5C1C}.Release|Any CPU.ActiveCfg = Release|Any CPU
		{85D46AD4-863A-4277-BE6D-763AC5CD5C1C}.Release|Any CPU.Build.0 = Release|Any CPU
		{1ABBD39C-67C0-45B4-8FEC-5212F922BD56}.Debug|Any CPU.ActiveCfg = Debug|Any CPU
		{1ABBD39C-67C0-45B4-8FEC-5212F922BD56}.Debug|Any CPU.Build.0 = Debug|Any CPU
		{1ABBD39C-67C0-45B4-8FEC-5212F922BD56}.Release|Any CPU.ActiveCfg = Release|Any CPU
		{1ABBD39C-67C0-45B4-8FEC-5212F922BD56}.Release|Any CPU.Build.0 = Release|Any CPU
	EndGlobalSection
	GlobalSection(SolutionProperties) = preSolution
		HideSolutionNode = FALSE
	EndGlobalSection
	GlobalSection(NestedProjects) = preSolution
		{8B0C614D-3852-496D-A860-BAE94E3F3E56} = {0AB3BF05-4346-4AA6-1389-037BE0695223}
		{A9D4E2C7-FE95-41B4-BC45-7C026093F5BB} = {0AB3BF05-4346-4AA6-1389-037BE0695223}
		{C4F05192-1262-4919-AFAF-0DB466FE23FC} = {0AB3BF05-4346-4AA6-1389-037BE0695223}
		{BD36417E-043E-434A-9993-B98318AB5C29} = {B7DA9EBC-D244-4680-89FC-594A3AA38CBC}
		{362009B3-E751-4E49-ABB1-82A95E0F9552} = {B7DA9EBC-D244-4680-89FC-594A3AA38CBC}
		{85D46AD4-863A-4277-BE6D-763AC5CD5C1C} = {B7DA9EBC-D244-4680-89FC-594A3AA38CBC}
		{1ABBD39C-67C0-45B4-8FEC-5212F922BD56} = {B7DA9EBC-D244-4680-89FC-594A3AA38CBC}
	EndGlobalSection
EndGlobal
